PODS:
  - Alamofire (4.8.1)
  - CocoaAsyncSocket (7.6.4)
  - CocoaLumberjack (3.5.0):
    - CocoaLumberjack/Core (= 3.5.0)
  - CocoaLumberjack/Core (3.5.0)
  - CocoaLumberjack/Swift (3.5.0):
    - CocoaLumberjack/Core
  - Crashlytics (3.12.0):
    - Fabric (~> 1.9.0)
  - Fabric (1.9.0)
  - FlagPhoneNumber (0.7.2):
    - libPhoneNumber-iOS
  - IDZSwiftCommonCrypto (0.10.0)
  - KissXML (5.2.3)
  - libidn (1.35)
  - libPhoneNumber-iOS (0.9.13)
  - NVActivityIndicatorView (4.6.0):
    - NVActivityIndicatorView/Presenter (= 4.6.0)
  - NVActivityIndicatorView/Presenter (4.6.0)
  - ObjectivePGP (0.13.1)
  - OpenSSL-Universal (1.0.2.13)
  - RAMAnimatedTabBarController (4.0.1)
  - RxAtomic (4.4.0)
  - RxCocoa (4.4.0):
    - RxSwift (~> 4.0)
  - RxSwift (4.4.0):
    - RxAtomic (~> 4.4)
  - SecurityExtensions (3.0.2):
    - IDZSwiftCommonCrypto (~> 0.9)
  - SwiftEventBus (3.0.1)
  - SwiftyBeaver (1.6.1)
  - XMPPFramework/default (4.0.0):
    - CocoaAsyncSocket (~> 7.6)
    - CocoaLumberjack
    - KissXML (~> 5.2)
    - libidn (~> 1.35)
  - XMPPFramework/Swift (4.0.0):
    - CocoaLumberjack/Swift
    - XMPPFramework/default

DEPENDENCIES:
  - Alamofire (~> 4.7)
  - Crashlytics
  - Fabric
  - FlagPhoneNumber
  - NVActivityIndicatorView
  - ObjectivePGP (from `https://github.com/kontalk/ObjectivePGP.git`)
  - OpenSSL-Universal
  - RAMAnimatedTabBarController
  - RxCocoa (~> 4.0)
  - RxSwift (~> 4.0)
  - SecurityExtensions
  - SwiftEventBus (from `https://github.com/cesarferreira/SwiftEventBus.git`, tag `3.0.1`)
  - SwiftyBeaver
  - XMPPFramework/Swift (from `https://github.com/kontalk/XMPPFramework.git`)

SPEC REPOS:
  https://github.com/cocoapods/specs.git:
    - Alamofire
    - CocoaLumberjack
    - Crashlytics
    - Fabric
    - FlagPhoneNumber
    - IDZSwiftCommonCrypto
    - KissXML
    - libidn
    - libPhoneNumber-iOS
    - NVActivityIndicatorView
    - OpenSSL-Universal
    - RAMAnimatedTabBarController
    - RxAtomic
    - RxCocoa
    - RxSwift
    - SecurityExtensions
    - SwiftyBeaver
  https://gitlab.com/a.cappelli87/kontalkrepo.git:
    - CocoaAsyncSocket

EXTERNAL SOURCES:
  ObjectivePGP:
    :git: https://github.com/kontalk/ObjectivePGP.git
  SwiftEventBus:
    :git: https://github.com/cesarferreira/SwiftEventBus.git
    :tag: 3.0.1
  XMPPFramework:
    :git: https://github.com/kontalk/XMPPFramework.git

CHECKOUT OPTIONS:
  ObjectivePGP:
    :commit: 818488f4055c17e825286a0d415c685d993a7f33
    :git: https://github.com/kontalk/ObjectivePGP.git
  SwiftEventBus:
    :git: https://github.com/cesarferreira/SwiftEventBus.git
    :tag: 3.0.1
  XMPPFramework:
    :commit: ef3b9eeb405b3f367b1a467a678a8973c5fc90d7
    :git: https://github.com/kontalk/XMPPFramework.git

SPEC CHECKSUMS:
  Alamofire: 16ce2c353fb72865124ddae8a57c5942388f4f11
  CocoaAsyncSocket: 08cf61a5d5fbff3d8e1d2b0dba569478a4efae27
  CocoaLumberjack: cffaa70a9336515228178e3669b71bd49d343850
  Crashlytics: 07fb167b1694128c1c9a5a5cc319b0e9c3ca0933
  Fabric: f988e33c97f08930a413e08123064d2e5f68d655
  FlagPhoneNumber: 86194d414c7e3b2f38c16136c4f8a5d34e3ee8b7
  IDZSwiftCommonCrypto: 4eef2c46e262dfbcbc1fd76365e066336680ad7d
  KissXML: 09f88ff8161fd058d67b70740b8b516687b52823
  libidn: e4576a956b797c584c77aaedfc6e3dd639b61bdc
  libPhoneNumber-iOS: e444379ac18bbfbdefad571da735b2cd7e096caa
  NVActivityIndicatorView: 9c3704896798b042315e2a154dc27e48384756f0
  ObjectivePGP: 9a2775cc44c20d29dfc699162ccd8bf402eece9e
  OpenSSL-Universal: 401888162f11c33ebbd46f782d9229da35c61327
  RAMAnimatedTabBarController: 677d6f7ec7e88b1089486f4db49b0a5067e8ad1c
  RxAtomic: eacf60db868c96bfd63320e28619fe29c179656f
  RxCocoa: df63ebf7b9a70d6b4eeea407ed5dd4efc8979749
  RxSwift: 5976ecd04fc2fefd648827c23de5e11157faa973
  SecurityExtensions: fe8359cd9fda03545acc973ab105f1f17d973832
  SwiftEventBus: 87ccaeceff91b748775e37751ae3a81ec815b3d5
  SwiftyBeaver: ccfcdf85a04d429f1633f668650b0ce8020bda3a
  XMPPFramework: 5d31ff9f73dce031b24bc49bcf88093627a3a86e

PODFILE CHECKSUM: 794ec3e8d4350d1383b50bde9a5e0dc793dd708d

COCOAPODS: 1.5.3
